
Microsoft Visual Studio Solution File, Format Version 12.00
# Visual Studio Version 17
VisualStudioVersion = 17.10.35013.160
MinimumVisualStudioVersion = 10.0.40219.1
Project("{FAE04EC0-301F-11D3-BF4B-00C04F79EFBC}") = "ConfigurationLibraryWeb", "ConfigurationLibraryWeb\ConfigurationLibraryWeb.csproj", "{87CC4900-001B-4E82-AC1B-A8F8BA7D7CE5}"
EndProject
Global
	GlobalSection(SolutionConfigurationPlatforms) = preSolution
		Debug|Any CPU = Debug|Any CPU
		Release|Any CPU = Release|Any CPU
	EndGlobalSection
	GlobalSection(ProjectConfigurationPlatforms) = postSolution
		{87CC4900-001B-4E82-AC1B-A8F8BA7D7CE5}.Debug|Any CPU.ActiveCfg = Debug|Any CPU
		{87CC4900-001B-4E82-AC1B-A8F8BA7D7CE5}.Debug|Any CPU.Build.0 = Debug|Any CPU
		{87CC4900-001B-4E82-AC1B-A8F8BA7D7CE5}.Release|Any CPU.ActiveCfg = Release|Any CPU
		{87CC4900-001B-4E82-AC1B-A8F8BA7D7CE5}.Release|Any CPU.Build.0 = Release|Any CPU
	EndGlobalSection
	GlobalSection(SolutionProperties) = preSolution
		HideSolutionNode = FALSE
	EndGlobalSection
	GlobalSection(ExtensibilityGlobals) = postSolution
		SolutionGuid = {EF7292A1-9546-41FF-88FA-B6A1BDF0E0CE}
	EndGlobalSection
EndGlobal
